
Microsoft Visual Studio Solution File, Format Version 12.00
# Visual Studio Version 17
VisualStudioVersion = 17.1.32319.34
MinimumVisualStudioVersion = 10.0.40219.1
Project("{8BC9CEB8-8B4A-11D0-8D11-00A0C91BC942}") = "que8", "que8\que8.vcxproj", "{27D43213-25D6-478F-ADAE-8FE1FF692084}"
EndProject
Global
	GlobalSection(SolutionConfigurationPlatforms) = preSolution
		Debug|x64 = Debug|x64
		Debug|x86 = Debug|x86
		Release|x64 = Release|x64
		Release|x86 = Release|x86
	EndGlobalSection
	GlobalSection(ProjectConfigurationPlatforms) = postSolution
		{27D43213-25D6-478F-ADAE-8FE1FF692084}.Debug|x64.ActiveCfg = Debug|x64
		{27D43213-25D6-478F-ADAE-8FE1FF692084}.Debug|x64.Build.0 = Debug|x64
		{27D43213-25D6-478F-ADAE-8FE1FF692084}.Debug|x86.ActiveCfg = Debug|Win32
		{27D43213-25D6-478F-ADAE-8FE1FF692084}.Debug|x86.Build.0 = Debug|Win32
		{27D43213-25D6-478F-ADAE-8FE1FF692084}.Release|x64.ActiveCfg = Release|x64
		{27D43213-25D6-478F-ADAE-8FE1FF692084}.Release|x64.Build.0 = Release|x64
		{27D43213-25D6-478F-ADAE-8FE1FF692084}.Release|x86.ActiveCfg = Release|Win32
		{27D43213-25D6-478F-ADAE-8FE1FF692084}.Release|x86.Build.0 = Release|Win32
	EndGlobalSection
	GlobalSection(SolutionProperties) = preSolution
		HideSolutionNode = FALSE
	EndGlobalSection
	GlobalSection(ExtensibilityGlobals) = postSolution
		SolutionGuid = {ACB95340-4EE6-405D-BE99-2B6673AC8258}
	EndGlobalSection
EndGlobal
